
Microsoft Visual Studio Solution File, Format Version 12.00
# Visual Studio 15
VisualStudioVersion = 15.0.27004.2002
MinimumVisualStudioVersion = 10.0.40219.1
Project("{FAE04EC0-301F-11D3-BF4B-00C04F79EFBC}") = "WpfApp2", "WpfApp2\WpfApp2.csproj", "{A73A71BD-E78A-4603-B57F-1CA2D4195D54}"
EndProject
Project("{FAE04EC0-301F-11D3-BF4B-00C04F79EFBC}") = "BE", "BE\BE.csproj", "{CFF52A56-CC04-469F-89C9-CC3BF44827E2}"
EndProject
Project("{FAE04EC0-301F-11D3-BF4B-00C04F79EFBC}") = "BL", "BL\BL.csproj", "{66B96A23-E065-4411-8BF5-00363F597605}"
EndProject
Project("{FAE04EC0-301F-11D3-BF4B-00C04F79EFBC}") = "DAL", "DAL\DAL.csproj", "{C1AD368A-210A-414E-9A14-FEB87A55210F}"
EndProject
Project("{FAE04EC0-301F-11D3-BF4B-00C04F79EFBC}") = "DS", "DS\DS.csproj", "{8B311F17-C8D6-4921-9418-11C7C3AB0394}"
EndProject
Global
	GlobalSection(SolutionConfigurationPlatforms) = preSolution
		Debug|Any CPU = Debug|Any CPU
		Release|Any CPU = Release|Any CPU
	EndGlobalSection
	GlobalSection(ProjectConfigurationPlatforms) = postSolution
		{A73A71BD-E78A-4603-B57F-1CA2D4195D54}.Debug|Any CPU.ActiveCfg = Debug|Any CPU
		{A73A71BD-E78A-4603-B57F-1CA2D4195D54}.Debug|Any CPU.Build.0 = Debug|Any CPU
		{A73A71BD-E78A-4603-B57F-1CA2D4195D54}.Release|Any CPU.ActiveCfg = Release|Any CPU
		{A73A71BD-E78A-4603-B57F-1CA2D4195D54}.Release|Any CPU.Build.0 = Release|Any CPU
		{CFF52A56-CC04-469F-89C9-CC3BF44827E2}.Debug|Any CPU.ActiveCfg = Debug|Any CPU
		{CFF52A56-CC04-469F-89C9-CC3BF44827E2}.Debug|Any CPU.Build.0 = Debug|Any CPU
		{CFF52A56-CC04-469F-89C9-CC3BF44827E2}.Release|Any CPU.ActiveCfg = Release|Any CPU
		{CFF52A56-CC04-469F-89C9-CC3BF44827E2}.Release|Any CPU.Build.0 = Release|Any CPU
		{66B96A23-E065-4411-8BF5-00363F597605}.Debug|Any CPU.ActiveCfg = Debug|Any CPU
		{66B96A23-E065-4411-8BF5-00363F597605}.Debug|Any CPU.Build.0 = Debug|Any CPU
		{66B96A23-E065-4411-8BF5-00363F597605}.Release|Any CPU.ActiveCfg = Release|Any CPU
		{66B96A23-E065-4411-8BF5-00363F597605}.Release|Any CPU.Build.0 = Release|Any CPU
		{C1AD368A-210A-414E-9A14-FEB87A55210F}.Debug|Any CPU.ActiveCfg = Debug|Any CPU
		{C1AD368A-210A-414E-9A14-FEB87A55210F}.Debug|Any CPU.Build.0 = Debug|Any CPU
		{C1AD368A-210A-414E-9A14-FEB87A55210F}.Release|Any CPU.ActiveCfg = Release|Any CPU
		{C1AD368A-210A-414E-9A14-FEB87A55210F}.Release|Any CPU.Build.0 = Release|Any CPU
		{8B311F17-C8D6-4921-9418-11C7C3AB0394}.Debug|Any CPU.ActiveCfg = Debug|Any CPU
		{8B311F17-C8D6-4921-9418-11C7C3AB0394}.Debug|Any CPU.Build.0 = Debug|Any CPU
		{8B311F17-C8D6-4921-9418-11C7C3AB0394}.Release|Any CPU.ActiveCfg = Release|Any CPU
		{8B311F17-C8D6-4921-9418-11C7C3AB0394}.Release|Any CPU.Build.0 = Release|Any CPU
	EndGlobalSection
	GlobalSection(SolutionProperties) = preSolution
		HideSolutionNode = FALSE
	EndGlobalSection
	GlobalSection(ExtensibilityGlobals) = postSolution
		SolutionGuid = {E60465F7-D487-4221-BC89-E43A457E617F}
	EndGlobalSection
EndGlobal
